
Microsoft Visual Studio Solution File, Format Version 12.00
# Visual Studio Version 17
VisualStudioVersion = 17.3.32922.545
MinimumVisualStudioVersion = 10.0.40219.1
Project("{FAE04EC0-301F-11D3-BF4B-00C04F79EFBC}") = "section3.3", "section3.3.csproj", "{B12C0F53-AA6D-4132-891A-CD6C7D3007BF}"
EndProject
Global
	GlobalSection(SolutionConfigurationPlatforms) = preSolution
		Debug|Any CPU = Debug|Any CPU
		Release|Any CPU = Release|Any CPU
	EndGlobalSection
	GlobalSection(ProjectConfigurationPlatforms) = postSolution
		{B12C0F53-AA6D-4132-891A-CD6C7D3007BF}.Debug|Any CPU.ActiveCfg = Debug|Any CPU
		{B12C0F53-AA6D-4132-891A-CD6C7D3007BF}.Debug|Any CPU.Build.0 = Debug|Any CPU
		{B12C0F53-AA6D-4132-891A-CD6C7D3007BF}.Release|Any CPU.ActiveCfg = Release|Any CPU
		{B12C0F53-AA6D-4132-891A-CD6C7D3007BF}.Release|Any CPU.Build.0 = Release|Any CPU
	EndGlobalSection
	GlobalSection(SolutionProperties) = preSolution
		HideSolutionNode = FALSE
	EndGlobalSection
	GlobalSection(ExtensibilityGlobals) = postSolution
		SolutionGuid = {6B4FFDDF-7895-4E6C-8A06-EF5BFCA4AF6D}
	EndGlobalSection
EndGlobal
