
Microsoft Visual Studio Solution File, Format Version 12.00
# Visual Studio Version 17
VisualStudioVersion = 17.3.32922.545
MinimumVisualStudioVersion = 10.0.40219.1
Project("{FAE04EC0-301F-11D3-BF4B-00C04F79EFBC}") = "section3.5", "section3.5.csproj", "{7604CC12-E54E-42CE-9CE0-4C83CD42EC8D}"
EndProject
Global
	GlobalSection(SolutionConfigurationPlatforms) = preSolution
		Debug|Any CPU = Debug|Any CPU
		Release|Any CPU = Release|Any CPU
	EndGlobalSection
	GlobalSection(ProjectConfigurationPlatforms) = postSolution
		{7604CC12-E54E-42CE-9CE0-4C83CD42EC8D}.Debug|Any CPU.ActiveCfg = Debug|Any CPU
		{7604CC12-E54E-42CE-9CE0-4C83CD42EC8D}.Debug|Any CPU.Build.0 = Debug|Any CPU
		{7604CC12-E54E-42CE-9CE0-4C83CD42EC8D}.Release|Any CPU.ActiveCfg = Release|Any CPU
		{7604CC12-E54E-42CE-9CE0-4C83CD42EC8D}.Release|Any CPU.Build.0 = Release|Any CPU
	EndGlobalSection
	GlobalSection(SolutionProperties) = preSolution
		HideSolutionNode = FALSE
	EndGlobalSection
	GlobalSection(ExtensibilityGlobals) = postSolution
		SolutionGuid = {DED42B8C-7233-470C-8DB8-D84C147DADC2}
	EndGlobalSection
EndGlobal
